
Microsoft Visual Studio Solution File, Format Version 12.00
# Visual Studio 14
VisualStudioVersion = 14.0.25420.1
MinimumVisualStudioVersion = 10.0.40219.1
Project("{8BC9CEB8-8B4A-11D0-8D11-00A0C91BC942}") = "animal3D-LaunchApp", "..\..\animal3D-LaunchApp\animal3D-LaunchApp.vcxproj", "{FC188ACC-6F0D-40CF-BC09-BCB27053393B}"
	ProjectSection(ProjectDependencies) = postProject
		{3510FDB9-6364-40DC-9AED-79D92B28496F} = {3510FDB9-6364-40DC-9AED-79D92B28496F}
	EndProjectSection
	GlobalSection(HgVSProperties) = preSolution
		SolutionIsControlled = True
		SolutionBindings = <Solution Location In Database>
	EndGlobalSection
EndProject
Project("{8BC9CEB8-8B4A-11D0-8D11-00A0C91BC942}") = "animal3D-DemoProject", "..\..\animal3D-DemoProject\animal3D-DemoProject.vcxproj", "{3510FDB9-6364-40DC-9AED-79D92B28496F}"
	GlobalSection(HgVSProperties) = preSolution
		SolutionIsControlled = True
		SolutionBindings = <Solution Location In Database>
	EndGlobalSection
EndProject
Global
	GlobalSection(SolutionConfigurationPlatforms) = preSolution
		Debug|x64 = Debug|x64
		Debug|x86 = Debug|x86
		Release|x64 = Release|x64
		Release|x86 = Release|x86
	EndGlobalSection
	GlobalSection(ProjectConfigurationPlatforms) = postSolution
		{FC188ACC-6F0D-40CF-BC09-BCB27053393B}.Debug|x64.ActiveCfg = Debug|x64
		{FC188ACC-6F0D-40CF-BC09-BCB27053393B}.Debug|x64.Build.0 = Debug|x64
		{FC188ACC-6F0D-40CF-BC09-BCB27053393B}.Debug|x86.ActiveCfg = Debug|Win32
		{FC188ACC-6F0D-40CF-BC09-BCB27053393B}.Debug|x86.Build.0 = Debug|Win32
		{FC188ACC-6F0D-40CF-BC09-BCB27053393B}.Release|x64.ActiveCfg = Release|x64
		{FC188ACC-6F0D-40CF-BC09-BCB27053393B}.Release|x64.Build.0 = Release|x64
		{FC188ACC-6F0D-40CF-BC09-BCB27053393B}.Release|x86.ActiveCfg = Release|Win32
		{FC188ACC-6F0D-40CF-BC09-BCB27053393B}.Release|x86.Build.0 = Release|Win32
		{3510FDB9-6364-40DC-9AED-79D92B28496F}.Debug|x64.ActiveCfg = Debug|x64
		{3510FDB9-6364-40DC-9AED-79D92B28496F}.Debug|x64.Build.0 = Debug|x64
		{3510FDB9-6364-40DC-9AED-79D92B28496F}.Debug|x86.ActiveCfg = Debug|Win32
		{3510FDB9-6364-40DC-9AED-79D92B28496F}.Debug|x86.Build.0 = Debug|Win32
		{3510FDB9-6364-40DC-9AED-79D92B28496F}.Release|x64.ActiveCfg = Release|x64
		{3510FDB9-6364-40DC-9AED-79D92B28496F}.Release|x64.Build.0 = Release|x64
		{3510FDB9-6364-40DC-9AED-79D92B28496F}.Release|x86.ActiveCfg = Release|Win32
		{3510FDB9-6364-40DC-9AED-79D92B28496F}.Release|x86.Build.0 = Release|Win32
	EndGlobalSection
	GlobalSection(SolutionProperties) = preSolution
		HideSolutionNode = FALSE
	EndGlobalSection
	GlobalSection(HgVSProperties) = preSolution
		SolutionIsControlled = True
		SolutionBindings = <Solution Location In Database>
	EndGlobalSection
EndGlobal
