<?xml version="1.0" encoding="utf-8"?>
<Project ToolsVersion="4.0" xmlns="http://schemas.microsoft.com/developer/msbuild/2003">
  <ItemGroup>
    <Filter Include="Source Files">
      <UniqueIdentifier>{4FC737F1-C7A5-4376-A066-2A32D752A2FF}</UniqueIdentifier>
      <Extensions>cpp;c;cc;cxx;def;odl;idl;hpj;bat;asm;asmx</Extensions>
    </Filter>
    <Filter Include="Header Files">
      <UniqueIdentifier>{93995380-89BD-4b04-88EB-625FBE52EBFB}</UniqueIdentifier>
      <Extensions>h;hh;hpp;hxx;hm;inl;inc;xsd</Extensions>
    </Filter>
    <Filter Include="Resource Files">
      <UniqueIdentifier>{67DA6AB6-F800-4c08-8B7A-83BB121AAD01}</UniqueIdentifier>
      <Extensions>rc;ico;cur;bmp;dlg;rc2;rct;bin;rgs;gif;jpg;jpeg;jpe;resx;tiff;tif;png;wav;mfcribbon-ms</Extensions>
    </Filter>
    <Filter Include="Source Files\common">
      <UniqueIdentifier>{1d401567-a44f-421e-ac49-7cf60c536f43}</UniqueIdentifier>
    </Filter>
    <Filter Include="Source Files\platform">
      <UniqueIdentifier>{d20b6381-b7ec-495f-abae-07539acfb83f}</UniqueIdentifier>
    </Filter>
    <Filter Include="Source Files\common\A3_DEMO">
      <UniqueIdentifier>{dda03ea8-3626-4309-9618-9d7c5653f2a1}</UniqueIdentifier>
    </Filter>
    <Filter Include="Header Files\A3_DEMO">
      <UniqueIdentifier>{858c921c-d67d-4e51-b6c0-0f4d8257d22c}</UniqueIdentifier>
    </Filter>
    <Filter Include="Resource Files\A3_DEMO">
      <UniqueIdentifier>{d061064f-0ee7-45dc-afc1-2fb200b50b87}</UniqueIdentifier>
    </Filter>
    <Filter Include="Resource Files\A3_DEMO\glsl">
      <UniqueIdentifier>{57770b2e-d573-407d-9b4a-66b59653d8a3}</UniqueIdentifier>
    </Filter>
    <Filter Include="Resource Files\A3_DEMO\glsl\4x">
      <UniqueIdentifier>{baef5553-8143-4e09-b432-4db39f33224e}</UniqueIdentifier>
    </Filter>
    <Filter Include="Resource Files\A3_DEMO\glsl\4x\vs">
      <UniqueIdentifier>{b23c4635-6a55-432e-9453-d8ecd1441102}</UniqueIdentifier>
    </Filter>
    <Filter Include="Resource Files\A3_DEMO\glsl\4x\fs">
      <UniqueIdentifier>{a1c202b9-b43e-420b-8f3a-510ab7f41122}</UniqueIdentifier>
    </Filter>
    <Filter Include="Header Files\A3_DEMO\_utilities">
      <UniqueIdentifier>{3ab11224-8c88-4d34-8321-60c72199923c}</UniqueIdentifier>
    </Filter>
    <Filter Include="Source Files\common\A3_DEMO\_utilities">
      <UniqueIdentifier>{1a9e718c-12e8-4df2-82c7-bdb88b5bc6b6}</UniqueIdentifier>
    </Filter>
    <Filter Include="Resource Files\A3_DEMO\glsl\4x\gs">
      <UniqueIdentifier>{ed1e8a2a-47bd-4453-8c34-d3503170014b}</UniqueIdentifier>
    </Filter>
  </ItemGroup>
  <ItemGroup>
    <ClCompile Include="_src_win\main_dll.c">
      <Filter>Source Files\platform</Filter>
    </ClCompile>
    <ClCompile Include="..\..\..\source\animal3D-DemoProject\A3_DEMO\a3_demo_callbacks.c">
      <Filter>Source Files\common\A3_DEMO</Filter>
    </ClCompile>
    <ClCompile Include="..\..\..\source\animal3D-DemoProject\A3_DEMO\a3_DemoState.c">
      <Filter>Source Files\common\A3_DEMO</Filter>
    </ClCompile>
    <ClCompile Include="..\..\..\source\animal3D-DemoProject\A3_DEMO\_utilities\a3_DemoSceneObject.c">
      <Filter>Source Files\common\A3_DEMO\_utilities</Filter>
    </ClCompile>
  </ItemGroup>
  <ItemGroup>
    <ClInclude Include="..\..\..\source\animal3D-DemoProject\a3_dylib_config_export.h">
      <Filter>Header Files</Filter>
    </ClInclude>
    <ClInclude Include="..\..\..\source\animal3D-DemoProject\A3_DEMO\a3_DemoState.h">
      <Filter>Header Files\A3_DEMO</Filter>
    </ClInclude>
    <ClInclude Include="..\..\..\source\animal3D-DemoProject\A3_DEMO\_utilities\a3_DemoSceneObject.h">
      <Filter>Header Files\A3_DEMO\_utilities</Filter>
    </ClInclude>
    <ClInclude Include="..\..\..\source\animal3D-DemoProject\A3_DEMO\_utilities\a3_DemoShaderProgram.h">
      <Filter>Header Files\A3_DEMO\_utilities</Filter>
    </ClInclude>
  </ItemGroup>
  <ItemGroup>
    <None Include="..\..\..\resource\glsl\4x\fs\drawColorAttrib_fs4x.glsl">
      <Filter>Resource Files\A3_DEMO\glsl\4x\fs</Filter>
    </None>
    <None Include="..\..\..\resource\glsl\4x\fs\drawColorUnif_fs4x.glsl">
      <Filter>Resource Files\A3_DEMO\glsl\4x\fs</Filter>
    </None>
    <None Include="..\..\..\resource\glsl\4x\vs\passColor_transform_vs4x.glsl">
      <Filter>Resource Files\A3_DEMO\glsl\4x\vs</Filter>
    </None>
    <None Include="..\..\..\resource\glsl\4x\vs\passthru_transform_vs4x.glsl">
      <Filter>Resource Files\A3_DEMO\glsl\4x\vs</Filter>
    </None>
  </ItemGroup>
</Project>